
Microsoft Visual Studio Solution File, Format Version 12.00
# Visual Studio Version 17
VisualStudioVersion = 17.5.2.0
MinimumVisualStudioVersion = 10.0.40219.1
Project("{2150E333-8FDC-42A3-9474-1A3956D46DE8}") = "src", "src", "{827E0CD3-B72D-47B6-A68D-7590B98EB39B}"
EndProject
Project("{FAE04EC0-301F-11D3-BF4B-00C04F79EFBC}") = "Struct", "src\Struct\Struct.csproj", "{D73E134A-79E6-612F-28B8-E5B0307047D5}"
EndProject
Project("{2150E333-8FDC-42A3-9474-1A3956D46DE8}") = "Generator", "Generator", "{9CE80433-787B-3B13-C175-2B6957C87C8E}"
EndProject
Project("{FAE04EC0-301F-11D3-BF4B-00C04F79EFBC}") = "Struct.OpenApi.Generator", "src\Generator\Struct.OpenApi.Generator.csproj", "{A38966AD-A408-49EB-AA63-6C2388791766}"
EndProject
Project("{2150E333-8FDC-42A3-9474-1A3956D46DE8}") = "tests", "tests", "{0AB3BF05-4346-4AA6-1389-037BE0695223}"
EndProject
Project("{2150E333-8FDC-42A3-9474-1A3956D46DE8}") = "Unit", "Unit", "{9D556B49-86D1-93A7-9596-FFAAB74EC556}"
EndProject
Project("{FAE04EC0-301F-11D3-BF4B-00C04F79EFBC}") = "Generator.UnitTests", "tests\Unit\Generator.UnitTests.csproj", "{EEFE7E20-1C37-46DB-B6B0-D920E90D355E}"
EndProject
Global
	GlobalSection(SolutionConfigurationPlatforms) = preSolution
		Debug|Any CPU = Debug|Any CPU
		Debug|x64 = Debug|x64
		Debug|x86 = Debug|x86
		Release|Any CPU = Release|Any CPU
		Release|x64 = Release|x64
		Release|x86 = Release|x86
	EndGlobalSection
	GlobalSection(ProjectConfigurationPlatforms) = postSolution
		{D73E134A-79E6-612F-28B8-E5B0307047D5}.Debug|Any CPU.ActiveCfg = Debug|Any CPU
		{D73E134A-79E6-612F-28B8-E5B0307047D5}.Debug|Any CPU.Build.0 = Debug|Any CPU
		{D73E134A-79E6-612F-28B8-E5B0307047D5}.Debug|x64.ActiveCfg = Debug|Any CPU
		{D73E134A-79E6-612F-28B8-E5B0307047D5}.Debug|x64.Build.0 = Debug|Any CPU
		{D73E134A-79E6-612F-28B8-E5B0307047D5}.Debug|x86.ActiveCfg = Debug|Any CPU
		{D73E134A-79E6-612F-28B8-E5B0307047D5}.Debug|x86.Build.0 = Debug|Any CPU
		{D73E134A-79E6-612F-28B8-E5B0307047D5}.Release|Any CPU.ActiveCfg = Release|Any CPU
		{D73E134A-79E6-612F-28B8-E5B0307047D5}.Release|Any CPU.Build.0 = Release|Any CPU
		{D73E134A-79E6-612F-28B8-E5B0307047D5}.Release|x64.ActiveCfg = Release|Any CPU
		{D73E134A-79E6-612F-28B8-E5B0307047D5}.Release|x64.Build.0 = Release|Any CPU
		{D73E134A-79E6-612F-28B8-E5B0307047D5}.Release|x86.ActiveCfg = Release|Any CPU
		{D73E134A-79E6-612F-28B8-E5B0307047D5}.Release|x86.Build.0 = Release|Any CPU
		{A38966AD-A408-49EB-AA63-6C2388791766}.Debug|Any CPU.ActiveCfg = Debug|Any CPU
		{A38966AD-A408-49EB-AA63-6C2388791766}.Debug|Any CPU.Build.0 = Debug|Any CPU
		{A38966AD-A408-49EB-AA63-6C2388791766}.Debug|x64.ActiveCfg = Debug|Any CPU
		{A38966AD-A408-49EB-AA63-6C2388791766}.Debug|x64.Build.0 = Debug|Any CPU
		{A38966AD-A408-49EB-AA63-6C2388791766}.Debug|x86.ActiveCfg = Debug|Any CPU
		{A38966AD-A408-49EB-AA63-6C2388791766}.Debug|x86.Build.0 = Debug|Any CPU
		{A38966AD-A408-49EB-AA63-6C2388791766}.Release|Any CPU.ActiveCfg = Release|Any CPU
		{A38966AD-A408-49EB-AA63-6C2388791766}.Release|Any CPU.Build.0 = Release|Any CPU
		{A38966AD-A408-49EB-AA63-6C2388791766}.Release|x64.ActiveCfg = Release|Any CPU
		{A38966AD-A408-49EB-AA63-6C2388791766}.Release|x64.Build.0 = Release|Any CPU
		{A38966AD-A408-49EB-AA63-6C2388791766}.Release|x86.ActiveCfg = Release|Any CPU
		{A38966AD-A408-49EB-AA63-6C2388791766}.Release|x86.Build.0 = Release|Any CPU
		{EEFE7E20-1C37-46DB-B6B0-D920E90D355E}.Debug|Any CPU.ActiveCfg = Debug|Any CPU
		{EEFE7E20-1C37-46DB-B6B0-D920E90D355E}.Debug|Any CPU.Build.0 = Debug|Any CPU
		{EEFE7E20-1C37-46DB-B6B0-D920E90D355E}.Debug|x64.ActiveCfg = Debug|Any CPU
		{EEFE7E20-1C37-46DB-B6B0-D920E90D355E}.Debug|x64.Build.0 = Debug|Any CPU
		{EEFE7E20-1C37-46DB-B6B0-D920E90D355E}.Debug|x86.ActiveCfg = Debug|Any CPU
		{EEFE7E20-1C37-46DB-B6B0-D920E90D355E}.Debug|x86.Build.0 = Debug|Any CPU
		{EEFE7E20-1C37-46DB-B6B0-D920E90D355E}.Release|Any CPU.ActiveCfg = Release|Any CPU
		{EEFE7E20-1C37-46DB-B6B0-D920E90D355E}.Release|Any CPU.Build.0 = Release|Any CPU
		{EEFE7E20-1C37-46DB-B6B0-D920E90D355E}.Release|x64.ActiveCfg = Release|Any CPU
		{EEFE7E20-1C37-46DB-B6B0-D920E90D355E}.Release|x64.Build.0 = Release|Any CPU
		{EEFE7E20-1C37-46DB-B6B0-D920E90D355E}.Release|x86.ActiveCfg = Release|Any CPU
		{EEFE7E20-1C37-46DB-B6B0-D920E90D355E}.Release|x86.Build.0 = Release|Any CPU
	EndGlobalSection
	GlobalSection(SolutionProperties) = preSolution
		HideSolutionNode = FALSE
	EndGlobalSection
	GlobalSection(NestedProjects) = preSolution
		{D73E134A-79E6-612F-28B8-E5B0307047D5} = {827E0CD3-B72D-47B6-A68D-7590B98EB39B}
		{9CE80433-787B-3B13-C175-2B6957C87C8E} = {827E0CD3-B72D-47B6-A68D-7590B98EB39B}
		{A38966AD-A408-49EB-AA63-6C2388791766} = {9CE80433-787B-3B13-C175-2B6957C87C8E}
		{9D556B49-86D1-93A7-9596-FFAAB74EC556} = {0AB3BF05-4346-4AA6-1389-037BE0695223}
		{EEFE7E20-1C37-46DB-B6B0-D920E90D355E} = {9D556B49-86D1-93A7-9596-FFAAB74EC556}
	EndGlobalSection
	GlobalSection(ExtensibilityGlobals) = postSolution
		SolutionGuid = {C8734DE3-A78E-4229-8315-BA2C4682F1CA}
	EndGlobalSection
EndGlobal
